// !$*UTF8*$!
{
	archiveVersion = 1;
	classes = {
	};
	objectVersion = 48;
	objects = {

/* Begin PBXBuildFile section */
		E45FBF301FEF84530026EFBB /* AppDelegate.swift in Sources */ = {isa = PBXBuildFile; fileRef = E45FBF2F1FEF84530026EFBB /* AppDelegate.swift */; };
		E45FBF321FEF84530026EFBB /* ViewController.swift in Sources */ = {isa = PBXBuildFile; fileRef = E45FBF311FEF84530026EFBB /* ViewController.swift */; };
		E45FBF351FEF84530026EFBB /* Main.storyboard in Resources */ = {isa = PBXBuildFile; fileRef = E45FBF331FEF84530026EFBB /* Main.storyboard */; };
		E45FBF371FEF84530026EFBB /* Assets.xcassets in Resources */ = {isa = PBXBuildFile; fileRef = E45FBF361FEF84530026EFBB /* Assets.xcassets */; };
		E45FBF3A1FEF84530026EFBB /* LaunchScreen.storyboard in Resources */ = {isa = PBXBuildFile; fileRef = E45FBF381FEF84530026EFBB /* LaunchScreen.storyboard */; };
		E45FBF421FF0256B0026EFBB /* CardViewController.swift in Sources */ = {isa = PBXBuildFile; fileRef = E45FBF411FF0256B0026EFBB /* CardViewController.swift */; };
		E45FBF441FF030D90026EFBB /* GradientView.swift in Sources */ = {isa = PBXBuildFile; fileRef = E45FBF431FF030D90026EFBB /* GradientView.swift */; };
		E45FBF461FF03E110026EFBB /* PhantomFromSpace.mp3 in Resources */ = {isa = PBXBuildFile; fileRef = E45FBF451FF03E110026EFBB /* PhantomFromSpace.mp3 */; };
		E45FBF4D1FF048D20026EFBB /* Interface.storyboard in Resources */ = {isa = PBXBuildFile; fileRef = E45FBF4B1FF048D20026EFBB /* Interface.storyboard */; };
		E45FBF4F1FF048D20026EFBB /* Assets.xcassets in Resources */ = {isa = PBXBuildFile; fileRef = E45FBF4E1FF048D20026EFBB /* Assets.xcassets */; };
		E45FBF561FF048D20026EFBB /* Watch Extension.appex in Embed App Extensions */ = {isa = PBXBuildFile; fileRef = E45FBF551FF048D20026EFBB /* Watch Extension.appex */; settings = {ATTRIBUTES = (RemoveHeadersOnCopy, ); }; };
		E45FBF5B1FF048D20026EFBB /* InterfaceController.swift in Sources */ = {isa = PBXBuildFile; fileRef = E45FBF5A1FF048D20026EFBB /* InterfaceController.swift */; };
		E45FBF5D1FF048D20026EFBB /* ExtensionDelegate.swift in Sources */ = {isa = PBXBuildFile; fileRef = E45FBF5C1FF048D20026EFBB /* ExtensionDelegate.swift */; };
		E45FBF5F1FF048D20026EFBB /* NotificationController.swift in Sources */ = {isa = PBXBuildFile; fileRef = E45FBF5E1FF048D20026EFBB /* NotificationController.swift */; };
		E45FBF611FF048D20026EFBB /* Assets.xcassets in Resources */ = {isa = PBXBuildFile; fileRef = E45FBF601FF048D20026EFBB /* Assets.xcassets */; };
		E45FBF661FF048D20026EFBB /* Watch.app in Embed Watch Content */ = {isa = PBXBuildFile; fileRef = E45FBF491FF048D20026EFBB /* Watch.app */; };
/* End PBXBuildFile section */

/* Begin PBXContainerItemProxy section */
		E45FBF571FF048D20026EFBB /* PBXContainerItemProxy */ = {
			isa = PBXContainerItemProxy;
			containerPortal = E45FBF241FEF84520026EFBB /* Project object */;
			proxyType = 1;
			remoteGlobalIDString = E45FBF541FF048D20026EFBB;
			remoteInfo = "Watch Extension";
		};
		E45FBF641FF048D20026EFBB /* PBXContainerItemProxy */ = {
			isa = PBXContainerItemProxy;
			containerPortal = E45FBF241FEF84520026EFBB /* Project object */;
			proxyType = 1;
			remoteGlobalIDString = E45FBF481FF048D20026EFBB;
			remoteInfo = Watch;
		};
/* End PBXContainerItemProxy section */

/* Begin PBXCopyFilesBuildPhase section */
		E45FBF6A1FF048D20026EFBB /* Embed App Extensions */ = {
			isa = PBXCopyFilesBuildPhase;
			buildActionMask = 2147483647;
			dstPath = "";
			dstSubfolderSpec = 13;
			files = (
				E45FBF561FF048D20026EFBB /* Watch Extension.appex in Embed App Extensions */,
			);
			name = "Embed App Extensions";
			runOnlyForDeploymentPostprocessing = 0;
		};
		E45FBF6E1FF048D20026EFBB /* Embed Watch Content */ = {
			isa = PBXCopyFilesBuildPhase;
			buildActionMask = 2147483647;
			dstPath = "$(CONTENTS_FOLDER_PATH)/Watch";
			dstSubfolderSpec = 16;
			files = (
				E45FBF661FF048D20026EFBB /* Watch.app in Embed Watch Content */,
			);
			name = "Embed Watch Content";
			runOnlyForDeploymentPostprocessing = 0;
		};
/* End PBXCopyFilesBuildPhase section */

/* Begin PBXFileReference section */
		E45FBF2C1FEF84530026EFBB /* Psychic.app */ = {isa = PBXFileReference; explicitFileType = wrapper.application; includeInIndex = 0; path = Psychic.app; sourceTree = BUILT_PRODUCTS_DIR; };
		E45FBF2F1FEF84530026EFBB /* AppDelegate.swift */ = {isa = PBXFileReference; lastKnownFileType = sourcecode.swift; path = AppDelegate.swift; sourceTree = "<group>"; };
		E45FBF311FEF84530026EFBB /* ViewController.swift */ = {isa = PBXFileReference; lastKnownFileType = sourcecode.swift; path = ViewController.swift; sourceTree = "<group>"; };
		E45FBF341FEF84530026EFBB /* Base */ = {isa = PBXFileReference; lastKnownFileType = file.storyboard; name = Base; path = Base.lproj/Main.storyboard; sourceTree = "<group>"; };
		E45FBF361FEF84530026EFBB /* Assets.xcassets */ = {isa = PBXFileReference; lastKnownFileType = folder.assetcatalog; path = Assets.xcassets; sourceTree = "<group>"; };
		E45FBF391FEF84530026EFBB /* Base */ = {isa = PBXFileReference; lastKnownFileType = file.storyboard; name = Base; path = Base.lproj/LaunchScreen.storyboard; sourceTree = "<group>"; };
		E45FBF3B1FEF84530026EFBB /* Info.plist */ = {isa = PBXFileReference; lastKnownFileType = text.plist.xml; path = Info.plist; sourceTree = "<group>"; };
		E45FBF411FF0256B0026EFBB /* CardViewController.swift */ = {isa = PBXFileReference; lastKnownFileType = sourcecode.swift; path = CardViewController.swift; sourceTree = "<group>"; };
		E45FBF431FF030D90026EFBB /* GradientView.swift */ = {isa = PBXFileReference; lastKnownFileType = sourcecode.swift; path = GradientView.swift; sourceTree = "<group>"; };
		E45FBF451FF03E110026EFBB /* PhantomFromSpace.mp3 */ = {isa = PBXFileReference; lastKnownFileType = audio.mp3; path = PhantomFromSpace.mp3; sourceTree = "<group>"; };
		E45FBF491FF048D20026EFBB /* Watch.app */ = {isa = PBXFileReference; explicitFileType = wrapper.application; includeInIndex = 0; path = Watch.app; sourceTree = BUILT_PRODUCTS_DIR; };
		E45FBF4C1FF048D20026EFBB /* Base */ = {isa = PBXFileReference; lastKnownFileType = file.storyboard; name = Base; path = Base.lproj/Interface.storyboard; sourceTree = "<group>"; };
		E45FBF4E1FF048D20026EFBB /* Assets.xcassets */ = {isa = PBXFileReference; lastKnownFileType = folder.assetcatalog; path = Assets.xcassets; sourceTree = "<group>"; };
		E45FBF501FF048D20026EFBB /* Info.plist */ = {isa = PBXFileReference; lastKnownFileType = text.plist.xml; path = Info.plist; sourceTree = "<group>"; };
		E45FBF551FF048D20026EFBB /* Watch Extension.appex */ = {isa = PBXFileReference; explicitFileType = "wrapper.app-extension"; includeInIndex = 0; path = "Watch Extension.appex"; sourceTree = BUILT_PRODUCTS_DIR; };
		E45FBF5A1FF048D20026EFBB /* InterfaceController.swift */ = {isa = PBXFileReference; lastKnownFileType = sourcecode.swift; path = InterfaceController.swift; sourceTree = "<group>"; };
		E45FBF5C1FF048D20026EFBB /* ExtensionDelegate.swift */ = {isa = PBXFileReference; lastKnownFileType = sourcecode.swift; path = ExtensionDelegate.swift; sourceTree = "<group>"; };
		E45FBF5E1FF048D20026EFBB /* NotificationController.swift */ = {isa = PBXFileReference; lastKnownFileType = sourcecode.swift; path = NotificationController.swift; sourceTree = "<group>"; };
		E45FBF601FF048D20026EFBB /* Assets.xcassets */ = {isa = PBXFileReference; lastKnownFileType = folder.assetcatalog; path = Assets.xcassets; sourceTree = "<group>"; };
		E45FBF621FF048D20026EFBB /* Info.plist */ = {isa = PBXFileReference; lastKnownFileType = text.plist.xml; path = Info.plist; sourceTree = "<group>"; };
		E45FBF631FF048D20026EFBB /* PushNotificationPayload.apns */ = {isa = PBXFileReference; lastKnownFileType = text; path = PushNotificationPayload.apns; sourceTree = "<group>"; };
/* End PBXFileReference section */

/* Begin PBXFrameworksBuildPhase section */
		E45FBF291FEF84530026EFBB /* Frameworks */ = {
			isa = PBXFrameworksBuildPhase;
			buildActionMask = 2147483647;
			files = (
			);
			runOnlyForDeploymentPostprocessing = 0;
		};
		E45FBF521FF048D20026EFBB /* Frameworks */ = {
			isa = PBXFrameworksBuildPhase;
			buildActionMask = 2147483647;
			files = (
			);
			runOnlyForDeploymentPostprocessing = 0;
		};
/* End PBXFrameworksBuildPhase section */

/* Begin PBXGroup section */
		E45FBF231FEF84520026EFBB = {
			isa = PBXGroup;
			children = (
				E45FBF2E1FEF84530026EFBB /* Psychic */,
				E45FBF4A1FF048D20026EFBB /* Watch */,
				E45FBF591FF048D20026EFBB /* Watch Extension */,
				E45FBF2D1FEF84530026EFBB /* Products */,
			);
			sourceTree = "<group>";
		};
		E45FBF2D1FEF84530026EFBB /* Products */ = {
			isa = PBXGroup;
			children = (
				E45FBF2C1FEF84530026EFBB /* Psychic.app */,
				E45FBF491FF048D20026EFBB /* Watch.app */,
				E45FBF551FF048D20026EFBB /* Watch Extension.appex */,
			);
			name = Products;
			sourceTree = "<group>";
		};
		E45FBF2E1FEF84530026EFBB /* Psychic */ = {
			isa = PBXGroup;
			children = (
				E45FBF2F1FEF84530026EFBB /* AppDelegate.swift */,
				E45FBF311FEF84530026EFBB /* ViewController.swift */,
				E45FBF451FF03E110026EFBB /* PhantomFromSpace.mp3 */,
				E45FBF431FF030D90026EFBB /* GradientView.swift */,
				E45FBF331FEF84530026EFBB /* Main.storyboard */,
				E45FBF411FF0256B0026EFBB /* CardViewController.swift */,
				E45FBF361FEF84530026EFBB /* Assets.xcassets */,
				E45FBF381FEF84530026EFBB /* LaunchScreen.storyboard */,
				E45FBF3B1FEF84530026EFBB /* Info.plist */,
			);
			path = Psychic;
			sourceTree = "<group>";
		};
		E45FBF4A1FF048D20026EFBB /* Watch */ = {
			isa = PBXGroup;
			children = (
				E45FBF4B1FF048D20026EFBB /* Interface.storyboard */,
				E45FBF4E1FF048D20026EFBB /* Assets.xcassets */,
				E45FBF501FF048D20026EFBB /* Info.plist */,
			);
			path = Watch;
			sourceTree = "<group>";
		};
		E45FBF591FF048D20026EFBB /* Watch Extension */ = {
			isa = PBXGroup;
			children = (
				E45FBF5A1FF048D20026EFBB /* InterfaceController.swift */,
				E45FBF5C1FF048D20026EFBB /* ExtensionDelegate.swift */,
				E45FBF5E1FF048D20026EFBB /* NotificationController.swift */,
				E45FBF601FF048D20026EFBB /* Assets.xcassets */,
				E45FBF621FF048D20026EFBB /* Info.plist */,
				E45FBF631FF048D20026EFBB /* PushNotificationPayload.apns */,
			);
			path = "Watch Extension";
			sourceTree = "<group>";
		};
/* End PBXGroup section */

/* Begin PBXNativeTarget section */
		E45FBF2B1FEF84530026EFBB /* Psychic */ = {
			isa = PBXNativeTarget;
			buildConfigurationList = E45FBF3E1FEF84530026EFBB /* Build configuration list for PBXNativeTarget "Psychic" */;
			buildPhases = (
				E45FBF281FEF84530026EFBB /* Sources */,
				E45FBF291FEF84530026EFBB /* Frameworks */,
				E45FBF2A1FEF84530026EFBB /* Resources */,
				E45FBF6E1FF048D20026EFBB /* Embed Watch Content */,
			);
			buildRules = (
			);
			dependencies = (
				E45FBF651FF048D20026EFBB /* PBXTargetDependency */,
			);
			name = Psychic;
			productName = Psychic;
			productReference = E45FBF2C1FEF84530026EFBB /* Psychic.app */;
			productType = "com.apple.product-type.application";
		};
		E45FBF481FF048D20026EFBB /* Watch */ = {
			isa = PBXNativeTarget;
			buildConfigurationList = E45FBF6B1FF048D20026EFBB /* Build configuration list for PBXNativeTarget "Watch" */;
			buildPhases = (
				E45FBF471FF048D20026EFBB /* Resources */,
				E45FBF6A1FF048D20026EFBB /* Embed App Extensions */,
			);
			buildRules = (
			);
			dependencies = (
				E45FBF581FF048D20026EFBB /* PBXTargetDependency */,
			);
			name = Watch;
			productName = Watch;
			productReference = E45FBF491FF048D20026EFBB /* Watch.app */;
			productType = "com.apple.product-type.application.watchapp2";
		};
		E45FBF541FF048D20026EFBB /* Watch Extension */ = {
			isa = PBXNativeTarget;
			buildConfigurationList = E45FBF671FF048D20026EFBB /* Build configuration list for PBXNativeTarget "Watch Extension" */;
			buildPhases = (
				E45FBF511FF048D20026EFBB /* Sources */,
				E45FBF521FF048D20026EFBB /* Frameworks */,
				E45FBF531FF048D20026EFBB /* Resources */,
			);
			buildRules = (
			);
			dependencies = (
			);
			name = "Watch Extension";
			productName = "Watch Extension";
			productReference = E45FBF551FF048D20026EFBB /* Watch Extension.appex */;
			productType = "com.apple.product-type.watchkit2-extension";
		};
/* End PBXNativeTarget section */

/* Begin PBXProject section */
		E45FBF241FEF84520026EFBB /* Project object */ = {
			isa = PBXProject;
			attributes = {
				LastSwiftUpdateCheck = 0920;
				LastUpgradeCheck = 0920;
				ORGANIZATIONNAME = luminix;
				TargetAttributes = {
					E45FBF2B1FEF84530026EFBB = {
						CreatedOnToolsVersion = 9.2;
						ProvisioningStyle = Automatic;
					};
					E45FBF481FF048D20026EFBB = {
						CreatedOnToolsVersion = 9.2;
						ProvisioningStyle = Automatic;
					};
					E45FBF541FF048D20026EFBB = {
						CreatedOnToolsVersion = 9.2;
						ProvisioningStyle = Automatic;
					};
				};
			};
			buildConfigurationList = E45FBF271FEF84520026EFBB /* Build configuration list for PBXProject "Psychic" */;
			compatibilityVersion = "Xcode 8.0";
			developmentRegion = en;
			hasScannedForEncodings = 0;
			knownRegions = (
				en,
				Base,
			);
			mainGroup = E45FBF231FEF84520026EFBB;
			productRefGroup = E45FBF2D1FEF84530026EFBB /* Products */;
			projectDirPath = "";
			projectRoot = "";
			targets = (
				E45FBF2B1FEF84530026EFBB /* Psychic */,
				E45FBF481FF048D20026EFBB /* Watch */,
				E45FBF541FF048D20026EFBB /* Watch Extension */,
			);
		};
/* End PBXProject section */

/* Begin PBXResourcesBuildPhase section */
		E45FBF2A1FEF84530026EFBB /* Resources */ = {
			isa = PBXResourcesBuildPhase;
			buildActionMask = 2147483647;
			files = (
				E45FBF3A1FEF84530026EFBB /* LaunchScreen.storyboard in Resources */,
				E45FBF461FF03E110026EFBB /* PhantomFromSpace.mp3 in Resources */,
				E45FBF371FEF84530026EFBB /* Assets.xcassets in Resources */,
				E45FBF351FEF84530026EFBB /* Main.storyboard in Resources */,
			);
			runOnlyForDeploymentPostprocessing = 0;
		};
		E45FBF471FF048D20026EFBB /* Resources */ = {
			isa = PBXResourcesBuildPhase;
			buildActionMask = 2147483647;
			files = (
				E45FBF4F1FF048D20026EFBB /* Assets.xcassets in Resources */,
				E45FBF4D1FF048D20026EFBB /* Interface.storyboard in Resources */,
			);
			runOnlyForDeploymentPostprocessing = 0;
		};
		E45FBF531FF048D20026EFBB /* Resources */ = {
			isa = PBXResourcesBuildPhase;
			buildActionMask = 2147483647;
			files = (
				E45FBF611FF048D20026EFBB /* Assets.xcassets in Resources */,
			);
			runOnlyForDeploymentPostprocessing = 0;
		};
/* End PBXResourcesBuildPhase section */

/* Begin PBXSourcesBuildPhase section */
		E45FBF281FEF84530026EFBB /* Sources */ = {
			isa = PBXSourcesBuildPhase;
			buildActionMask = 2147483647;
			files = (
				E45FBF321FEF84530026EFBB /* ViewController.swift in Sources */,
				E45FBF301FEF84530026EFBB /* AppDelegate.swift in Sources */,
				E45FBF441FF030D90026EFBB /* GradientView.swift in Sources */,
				E45FBF421FF0256B0026EFBB /* CardViewController.swift in Sources */,
			);
			runOnlyForDeploymentPostprocessing = 0;
		};
		E45FBF511FF048D20026EFBB /* Sources */ = {
			isa = PBXSourcesBuildPhase;
			buildActionMask = 2147483647;
			files = (
				E45FBF5F1FF048D20026EFBB /* NotificationController.swift in Sources */,
				E45FBF5D1FF048D20026EFBB /* ExtensionDelegate.swift in Sources */,
				E45FBF5B1FF048D20026EFBB /* InterfaceController.swift in Sources */,
			);
			runOnlyForDeploymentPostprocessing = 0;
		};
/* End PBXSourcesBuildPhase section */

/* Begin PBXTargetDependency section */
		E45FBF581FF048D20026EFBB /* PBXTargetDependency */ = {
			isa = PBXTargetDependency;
			target = E45FBF541FF048D20026EFBB /* Watch Extension */;
			targetProxy = E45FBF571FF048D20026EFBB /* PBXContainerItemProxy */;
		};
		E45FBF651FF048D20026EFBB /* PBXTargetDependency */ = {
			isa = PBXTargetDependency;
			target = E45FBF481FF048D20026EFBB /* Watch */;
			targetProxy = E45FBF641FF048D20026EFBB /* PBXContainerItemProxy */;
		};
/* End PBXTargetDependency section */

/* Begin PBXVariantGroup section */
		E45FBF331FEF84530026EFBB /* Main.storyboard */ = {
			isa = PBXVariantGroup;
			children = (
				E45FBF341FEF84530026EFBB /* Base */,
			);
			name = Main.storyboard;
			sourceTree = "<group>";
		};
		E45FBF381FEF84530026EFBB /* LaunchScreen.storyboard */ = {
			isa = PBXVariantGroup;
			children = (
				E45FBF391FEF84530026EFBB /* Base */,
			);
			name = LaunchScreen.storyboard;
			sourceTree = "<group>";
		};
		E45FBF4B1FF048D20026EFBB /* Interface.storyboard */ = {
			isa = PBXVariantGroup;
			children = (
				E45FBF4C1FF048D20026EFBB /* Base */,
			);
			name = Interface.storyboard;
			sourceTree = "<group>";
		};
/* End PBXVariantGroup section */

/* Begin XCBuildConfiguration section */
		E45FBF3C1FEF84530026EFBB /* Debug */ = {
			isa = XCBuildConfiguration;
			buildSettings = {
				ALWAYS_SEARCH_USER_PATHS = NO;
				CLANG_ANALYZER_NONNULL = YES;
				CLANG_ANALYZER_NUMBER_OBJECT_CONVERSION = YES_AGGRESSIVE;
				CLANG_CXX_LANGUAGE_STANDARD = "gnu++14";
				CLANG_CXX_LIBRARY = "libc++";
				CLANG_ENABLE_MODULES = YES;
				CLANG_ENABLE_OBJC_ARC = YES;
				CLANG_WARN_BLOCK_CAPTURE_AUTORELEASING = YES;
				CLANG_WARN_BOOL_CONVERSION = YES;
				CLANG_WARN_COMMA = YES;
				CLANG_WARN_CONSTANT_CONVERSION = YES;
				CLANG_WARN_DIRECT_OBJC_ISA_USAGE = YES_ERROR;
				CLANG_WARN_DOCUMENTATION_COMMENTS = YES;
				CLANG_WARN_EMPTY_BODY = YES;
				CLANG_WARN_ENUM_CONVERSION = YES;
				CLANG_WARN_INFINITE_RECURSION = YES;
				CLANG_WARN_INT_CONVERSION = YES;
				CLANG_WARN_NON_LITERAL_NULL_CONVERSION = YES;
				CLANG_WARN_OBJC_LITERAL_CONVERSION = YES;
				CLANG_WARN_OBJC_ROOT_CLASS = YES_ERROR;
				CLANG_WARN_RANGE_LOOP_ANALYSIS = YES;
				CLANG_WARN_STRICT_PROTOTYPES = YES;
				CLANG_WARN_SUSPICIOUS_MOVE = YES;
				CLANG_WARN_UNGUARDED_AVAILABILITY = YES_AGGRESSIVE;
				CLANG_WARN_UNREACHABLE_CODE = YES;
				CLANG_WARN__DUPLICATE_METHOD_MATCH = YES;
				CODE_SIGN_IDENTITY = "iPhone Developer";
				COPY_PHASE_STRIP = NO;
				DEBUG_INFORMATION_FORMAT = dwarf;
				ENABLE_STRICT_OBJC_MSGSEND = YES;
				ENABLE_TESTABILITY = YES;
				GCC_C_LANGUAGE_STANDARD = gnu11;
				GCC_DYNAMIC_NO_PIC = NO;
				GCC_NO_COMMON_BLOCKS = YES;
				GCC_OPTIMIZATION_LEVEL = 0;
				GCC_PREPROCESSOR_DEFINITIONS = (
					"DEBUG=1",
					"$(inherited)",
				);
				GCC_WARN_64_TO_32_BIT_CONVERSION = YES;
				GCC_WARN_ABOUT_RETURN_TYPE = YES_ERROR;
				GCC_WARN_UNDECLARED_SELECTOR = YES;
				GCC_WARN_UNINITIALIZED_AUTOS = YES_AGGRESSIVE;
				GCC_WARN_UNUSED_FUNCTION = YES;
				GCC_WARN_UNUSED_VARIABLE = YES;
				IPHONEOS_DEPLOYMENT_TARGET = 11.2;
				MTL_ENABLE_DEBUG_INFO = YES;
				ONLY_ACTIVE_ARCH = YES;
				SDKROOT = iphoneos;
				SWIFT_ACTIVE_COMPILATION_CONDITIONS = DEBUG;
				SWIFT_OPTIMIZATION_LEVEL = "-Onone";
			};
			name = Debug;
		};
		E45FBF3D1FEF84530026EFBB /* Release */ = {
			isa = XCBuildConfiguration;
			buildSettings = {
				ALWAYS_SEARCH_USER_PATHS = NO;
				CLANG_ANALYZER_NONNULL = YES;
				CLANG_ANALYZER_NUMBER_OBJECT_CONVERSION = YES_AGGRESSIVE;
				CLANG_CXX_LANGUAGE_STANDARD = "gnu++14";
				CLANG_CXX_LIBRARY = "libc++";
				CLANG_ENABLE_MODULES = YES;
				CLANG_ENABLE_OBJC_ARC = YES;
				CLANG_WARN_BLOCK_CAPTURE_AUTORELEASING = YES;
				CLANG_WARN_BOOL_CONVERSION = YES;
				CLANG_WARN_COMMA = YES;
				CLANG_WARN_CONSTANT_CONVERSION = YES;
				CLANG_WARN_DIRECT_OBJC_ISA_USAGE = YES_ERROR;
				CLANG_WARN_DOCUMENTATION_COMMENTS = YES;
				CLANG_WARN_EMPTY_BODY = YES;
				CLANG_WARN_ENUM_CONVERSION = YES;
				CLANG_WARN_INFINITE_RECURSION = YES;
				CLANG_WARN_INT_CONVERSION = YES;
				CLANG_WARN_NON_LITERAL_NULL_CONVERSION = YES;
				CLANG_WARN_OBJC_LITERAL_CONVERSION = YES;
				CLANG_WARN_OBJC_ROOT_CLASS = YES_ERROR;
				CLANG_WARN_RANGE_LOOP_ANALYSIS = YES;
				CLANG_WARN_STRICT_PROTOTYPES = YES;
				CLANG_WARN_SUSPICIOUS_MOVE = YES;
				CLANG_WARN_UNGUARDED_AVAILABILITY = YES_AGGRESSIVE;
				CLANG_WARN_UNREACHABLE_CODE = YES;
				CLANG_WARN__DUPLICATE_METHOD_MATCH = YES;
				CODE_SIGN_IDENTITY = "iPhone Developer";
				COPY_PHASE_STRIP = NO;
				DEBUG_INFORMATION_FORMAT = "dwarf-with-dsym";
				ENABLE_NS_ASSERTIONS = NO;
				ENABLE_STRICT_OBJC_MSGSEND = YES;
				GCC_C_LANGUAGE_STANDARD = gnu11;
				GCC_NO_COMMON_BLOCKS = YES;
				GCC_WARN_64_TO_32_BIT_CONVERSION = YES;
				GCC_WARN_ABOUT_RETURN_TYPE = YES_ERROR;
				GCC_WARN_UNDECLARED_SELECTOR = YES;
				GCC_WARN_UNINITIALIZED_AUTOS = YES_AGGRESSIVE;
				GCC_WARN_UNUSED_FUNCTION = YES;
				GCC_WARN_UNUSED_VARIABLE = YES;
				IPHONEOS_DEPLOYMENT_TARGET = 11.2;
				MTL_ENABLE_DEBUG_INFO = NO;
				SDKROOT = iphoneos;
				SWIFT_OPTIMIZATION_LEVEL = "-Owholemodule";
				VALIDATE_PRODUCT = YES;
			};
			name = Release;
		};
		E45FBF3F1FEF84530026EFBB /* Debug */ = {
			isa = XCBuildConfiguration;
			buildSettings = {
				ASSETCATALOG_COMPILER_APPICON_NAME = AppIcon;
				CODE_SIGN_STYLE = Automatic;
				DEVELOPMENT_TEAM = 7SAXJRP4RJ;
				INFOPLIST_FILE = Psychic/Info.plist;
				LD_RUNPATH_SEARCH_PATHS = "$(inherited) @executable_path/Frameworks";
				PRODUCT_BUNDLE_IDENTIFIER = com.luminix.Psychic;
				PRODUCT_NAME = "$(TARGET_NAME)";
				SWIFT_VERSION = 4.0;
				TARGETED_DEVICE_FAMILY = "1,2";
			};
			name = Debug;
		};
		E45FBF401FEF84530026EFBB /* Release */ = {
			isa = XCBuildConfiguration;
			buildSettings = {
				ASSETCATALOG_COMPILER_APPICON_NAME = AppIcon;
				CODE_SIGN_STYLE = Automatic;
				DEVELOPMENT_TEAM = 7SAXJRP4RJ;
				INFOPLIST_FILE = Psychic/Info.plist;
				LD_RUNPATH_SEARCH_PATHS = "$(inherited) @executable_path/Frameworks";
				PRODUCT_BUNDLE_IDENTIFIER = com.luminix.Psychic;
				PRODUCT_NAME = "$(TARGET_NAME)";
				SWIFT_VERSION = 4.0;
				TARGETED_DEVICE_FAMILY = "1,2";
			};
			name = Release;
		};
		E45FBF681FF048D20026EFBB /* Debug */ = {
			isa = XCBuildConfiguration;
			buildSettings = {
				ASSETCATALOG_COMPILER_COMPLICATION_NAME = Complication;
				CODE_SIGN_STYLE = Automatic;
				DEVELOPMENT_TEAM = 7SAXJRP4RJ;
				INFOPLIST_FILE = "Watch Extension/Info.plist";
				LD_RUNPATH_SEARCH_PATHS = "$(inherited) @executable_path/Frameworks @executable_path/../../Frameworks";
				PRODUCT_BUNDLE_IDENTIFIER = com.luminix.Psychic.watchkitapp.watchkitextension;
				PRODUCT_NAME = "${TARGET_NAME}";
				SDKROOT = watchos;
				SKIP_INSTALL = YES;
				SWIFT_VERSION = 4.0;
				TARGETED_DEVICE_FAMILY = 4;
				WATCHOS_DEPLOYMENT_TARGET = 4.2;
			};
			name = Debug;
		};
		E45FBF691FF048D20026EFBB /* Release */ = {
			isa = XCBuildConfiguration;
			buildSettings = {
				ASSETCATALOG_COMPILER_COMPLICATION_NAME = Complication;
				CODE_SIGN_STYLE = Automatic;
				DEVELOPMENT_TEAM = 7SAXJRP4RJ;
				INFOPLIST_FILE = "Watch Extension/Info.plist";
				LD_RUNPATH_SEARCH_PATHS = "$(inherited) @executable_path/Frameworks @executable_path/../../Frameworks";
				PRODUCT_BUNDLE_IDENTIFIER = com.luminix.Psychic.watchkitapp.watchkitextension;
				PRODUCT_NAME = "${TARGET_NAME}";
				SDKROOT = watchos;
				SKIP_INSTALL = YES;
				SWIFT_VERSION = 4.0;
				TARGETED_DEVICE_FAMILY = 4;
				WATCHOS_DEPLOYMENT_TARGET = 4.2;
			};
			name = Release;
		};
		E45FBF6C1FF048D20026EFBB /* Debug */ = {
			isa = XCBuildConfiguration;
			buildSettings = {
				ALWAYS_EMBED_SWIFT_STANDARD_LIBRARIES = YES;
				ASSETCATALOG_COMPILER_APPICON_NAME = AppIcon;
				CODE_SIGN_STYLE = Automatic;
				DEVELOPMENT_TEAM = 7SAXJRP4RJ;
				IBSC_MODULE = Watch_Extension;
				INFOPLIST_FILE = Watch/Info.plist;
				PRODUCT_BUNDLE_IDENTIFIER = com.luminix.Psychic.watchkitapp;
				PRODUCT_NAME = "$(TARGET_NAME)";
				SDKROOT = watchos;
				SKIP_INSTALL = YES;
				SWIFT_VERSION = 4.0;
				TARGETED_DEVICE_FAMILY = 4;
				WATCHOS_DEPLOYMENT_TARGET = 4.2;
			};
			name = Debug;
		};
		E45FBF6D1FF048D20026EFBB /* Release */ = {
			isa = XCBuildConfiguration;
			buildSettings = {
				ALWAYS_EMBED_SWIFT_STANDARD_LIBRARIES = YES;
				ASSETCATALOG_COMPILER_APPICON_NAME = AppIcon;
				CODE_SIGN_STYLE = Automatic;
				DEVELOPMENT_TEAM = 7SAXJRP4RJ;
				IBSC_MODULE = Watch_Extension;
				INFOPLIST_FILE = Watch/Info.plist;
				PRODUCT_BUNDLE_IDENTIFIER = com.luminix.Psychic.watchkitapp;
				PRODUCT_NAME = "$(TARGET_NAME)";
				SDKROOT = watchos;
				SKIP_INSTALL = YES;
				SWIFT_VERSION = 4.0;
				TARGETED_DEVICE_FAMILY = 4;
				WATCHOS_DEPLOYMENT_TARGET = 4.2;
			};
			name = Release;
		};
/* End XCBuildConfiguration section */

/* Begin XCConfigurationList section */
		E45FBF271FEF84520026EFBB /* Build configuration list for PBXProject "Psychic" */ = {
			isa = XCConfigurationList;
			buildConfigurations = (
				E45FBF3C1FEF84530026EFBB /* Debug */,
				E45FBF3D1FEF84530026EFBB /* Release */,
			);
			defaultConfigurationIsVisible = 0;
			defaultConfigurationName = Release;
		};
		E45FBF3E1FEF84530026EFBB /* Build configuration list for PBXNativeTarget "Psychic" */ = {
			isa = XCConfigurationList;
			buildConfigurations = (
				E45FBF3F1FEF84530026EFBB /* Debug */,
				E45FBF401FEF84530026EFBB /* Release */,
			);
			defaultConfigurationIsVisible = 0;
			defaultConfigurationName = Release;
		};
		E45FBF671FF048D20026EFBB /* Build configuration list for PBXNativeTarget "Watch Extension" */ = {
			isa = XCConfigurationList;
			buildConfigurations = (
				E45FBF681FF048D20026EFBB /* Debug */,
				E45FBF691FF048D20026EFBB /* Release */,
			);
			defaultConfigurationIsVisible = 0;
			defaultConfigurationName = Release;
		};
		E45FBF6B1FF048D20026EFBB /* Build configuration list for PBXNativeTarget "Watch" */ = {
			isa = XCConfigurationList;
			buildConfigurations = (
				E45FBF6C1FF048D20026EFBB /* Debug */,
				E45FBF6D1FF048D20026EFBB /* Release */,
			);
			defaultConfigurationIsVisible = 0;
			defaultConfigurationName = Release;
		};
/* End XCConfigurationList section */
	};
	rootObject = E45FBF241FEF84520026EFBB /* Project object */;
}
